
Microsoft Visual Studio Solution File, Format Version 12.00
# Visual Studio Version 17
VisualStudioVersion = 17.4.32712.418
MinimumVisualStudioVersion = 10.0.40219.1
Project("{9A19103F-16F7-4668-BE54-9A1E7A4F7556}") = "shootMup.Common", "shootMup.Common\shootMup.Common.csproj", "{14D7490E-02AE-49D8-9860-48CA4271F8BA}"
EndProject
Project("{9A19103F-16F7-4668-BE54-9A1E7A4F7556}") = "shootMup.Bots", "shootMup.AI\shootMup.Bots.csproj", "{66EE2793-3766-4464-9960-09255273BCE9}"
EndProject
Project("{FAE04EC0-301F-11D3-BF4B-00C04F79EFBC}") = "shootMup.Bots.Training", "shootMup.AI.Training\shootMup.Bots.Training.csproj", "{78A1C0D9-01FF-4A16-930C-60AEB136AEAA}"
EndProject
Project("{9A19103F-16F7-4668-BE54-9A1E7A4F7556}") = "engine.Common", "engine\engine.Common\engine.Common.csproj", "{A181B9F7-0422-4805-915E-573E13D07312}"
EndProject
Project("{9A19103F-16F7-4668-BE54-9A1E7A4F7556}") = "engine.Winforms", "engine\engine.Winforms\engine.Winforms.csproj", "{C031D3FA-2EC9-423A-A04D-3B176C141577}"
EndProject
Project("{9A19103F-16F7-4668-BE54-9A1E7A4F7556}") = "shootMupCore", "shootMupCore\shootMupCore.csproj", "{F225A814-C9AD-4F76-9885-DC3BA5E59F3F}"
EndProject
Global
	GlobalSection(SolutionConfigurationPlatforms) = preSolution
		Debug|Any CPU = Debug|Any CPU
		Release|Any CPU = Release|Any CPU
	EndGlobalSection
	GlobalSection(ProjectConfigurationPlatforms) = postSolution
		{14D7490E-02AE-49D8-9860-48CA4271F8BA}.Debug|Any CPU.ActiveCfg = Debug|Any CPU
		{14D7490E-02AE-49D8-9860-48CA4271F8BA}.Debug|Any CPU.Build.0 = Debug|Any CPU
		{14D7490E-02AE-49D8-9860-48CA4271F8BA}.Release|Any CPU.ActiveCfg = Release|Any CPU
		{14D7490E-02AE-49D8-9860-48CA4271F8BA}.Release|Any CPU.Build.0 = Release|Any CPU
		{66EE2793-3766-4464-9960-09255273BCE9}.Debug|Any CPU.ActiveCfg = Debug|Any CPU
		{66EE2793-3766-4464-9960-09255273BCE9}.Debug|Any CPU.Build.0 = Debug|Any CPU
		{66EE2793-3766-4464-9960-09255273BCE9}.Release|Any CPU.ActiveCfg = Release|Any CPU
		{66EE2793-3766-4464-9960-09255273BCE9}.Release|Any CPU.Build.0 = Release|Any CPU
		{78A1C0D9-01FF-4A16-930C-60AEB136AEAA}.Debug|Any CPU.ActiveCfg = Debug|Any CPU
		{78A1C0D9-01FF-4A16-930C-60AEB136AEAA}.Debug|Any CPU.Build.0 = Debug|Any CPU
		{78A1C0D9-01FF-4A16-930C-60AEB136AEAA}.Release|Any CPU.ActiveCfg = Release|Any CPU
		{78A1C0D9-01FF-4A16-930C-60AEB136AEAA}.Release|Any CPU.Build.0 = Release|Any CPU
		{A181B9F7-0422-4805-915E-573E13D07312}.Debug|Any CPU.ActiveCfg = Debug|Any CPU
		{A181B9F7-0422-4805-915E-573E13D07312}.Debug|Any CPU.Build.0 = Debug|Any CPU
		{A181B9F7-0422-4805-915E-573E13D07312}.Release|Any CPU.ActiveCfg = Release|Any CPU
		{A181B9F7-0422-4805-915E-573E13D07312}.Release|Any CPU.Build.0 = Release|Any CPU
		{C031D3FA-2EC9-423A-A04D-3B176C141577}.Debug|Any CPU.ActiveCfg = Debug|Any CPU
		{C031D3FA-2EC9-423A-A04D-3B176C141577}.Debug|Any CPU.Build.0 = Debug|Any CPU
		{C031D3FA-2EC9-423A-A04D-3B176C141577}.Release|Any CPU.ActiveCfg = Release|Any CPU
		{C031D3FA-2EC9-423A-A04D-3B176C141577}.Release|Any CPU.Build.0 = Release|Any CPU
		{F225A814-C9AD-4F76-9885-DC3BA5E59F3F}.Debug|Any CPU.ActiveCfg = Debug|Any CPU
		{F225A814-C9AD-4F76-9885-DC3BA5E59F3F}.Debug|Any CPU.Build.0 = Debug|Any CPU
		{F225A814-C9AD-4F76-9885-DC3BA5E59F3F}.Release|Any CPU.ActiveCfg = Release|Any CPU
		{F225A814-C9AD-4F76-9885-DC3BA5E59F3F}.Release|Any CPU.Build.0 = Release|Any CPU
	EndGlobalSection
	GlobalSection(SolutionProperties) = preSolution
		HideSolutionNode = FALSE
	EndGlobalSection
	GlobalSection(ExtensibilityGlobals) = postSolution
		SolutionGuid = {FA1F858D-DDF1-45F8-B4EF-77503A64F5E2}
	EndGlobalSection
	GlobalSection(Performance) = preSolution
		HasPerformanceSessions = true
	EndGlobalSection
EndGlobal
